
Microsoft Visual Studio Solution File, Format Version 12.00
# Visual Studio Version 17
VisualStudioVersion = 17.13.35825.156 d17.13
MinimumVisualStudioVersion = 10.0.40219.1
Project("{FAE04EC0-301F-11D3-BF4B-00C04F79EFBC}") = "UludagGroup", "UludagGroup\UludagGroup.csproj", "{2619C267-26CA-425F-B579-38EF8E8D96AB}"
EndProject
Global
	GlobalSection(SolutionConfigurationPlatforms) = preSolution
		Debug|Any CPU = Debug|Any CPU
		Release|Any CPU = Release|Any CPU
	EndGlobalSection
	GlobalSection(ProjectConfigurationPlatforms) = postSolution
		{2619C267-26CA-425F-B579-38EF8E8D96AB}.Debug|Any CPU.ActiveCfg = Debug|Any CPU
		{2619C267-26CA-425F-B579-38EF8E8D96AB}.Debug|Any CPU.Build.0 = Debug|Any CPU
		{2619C267-26CA-425F-B579-38EF8E8D96AB}.Release|Any CPU.ActiveCfg = Release|Any CPU
		{2619C267-26CA-425F-B579-38EF8E8D96AB}.Release|Any CPU.Build.0 = Release|Any CPU
	EndGlobalSection
	GlobalSection(SolutionProperties) = preSolution
		HideSolutionNode = FALSE
	EndGlobalSection
	GlobalSection(ExtensibilityGlobals) = postSolution
		SolutionGuid = {4F6DF981-F269-4983-9F74-12C0569C21BD}
	EndGlobalSection
EndGlobal
